
Microsoft Visual Studio Solution File, Format Version 12.00
# Visual Studio Version 17
VisualStudioVersion = 17.14.36414.22 d17.14
MinimumVisualStudioVersion = 10.0.40219.1
Project("{FAE04EC0-301F-11D3-BF4B-00C04F79EFBC}") = "Hello", "Hello.csproj", "{E7AC86AD-40F2-4FF5-8848-F8F68A72D421}"
EndProject
Global
	GlobalSection(SolutionConfigurationPlatforms) = preSolution
		Debug|Any CPU = Debug|Any CPU
		Release|Any CPU = Release|Any CPU
	EndGlobalSection
	GlobalSection(ProjectConfigurationPlatforms) = postSolution
		{E7AC86AD-40F2-4FF5-8848-F8F68A72D421}.Debug|Any CPU.ActiveCfg = Debug|Any CPU
		{E7AC86AD-40F2-4FF5-8848-F8F68A72D421}.Debug|Any CPU.Build.0 = Debug|Any CPU
		{E7AC86AD-40F2-4FF5-8848-F8F68A72D421}.Release|Any CPU.ActiveCfg = Release|Any CPU
		{E7AC86AD-40F2-4FF5-8848-F8F68A72D421}.Release|Any CPU.Build.0 = Release|Any CPU
	EndGlobalSection
	GlobalSection(SolutionProperties) = preSolution
		HideSolutionNode = FALSE
	EndGlobalSection
	GlobalSection(ExtensibilityGlobals) = postSolution
		SolutionGuid = {61748D23-6E67-46AB-85A6-F2E5C6E856E1}
	EndGlobalSection
EndGlobal
